
Microsoft Visual Studio Solution File, Format Version 12.00
# Visual Studio Version 17
VisualStudioVersion = 17.8.34408.163
MinimumVisualStudioVersion = 10.0.40219.1
Project("{9A19103F-16F7-4668-BE54-9A1E7A4F7556}") = "Pharamacy.Api", "Pharamacy.Api.csproj", "{45B5ABE5-7DB7-45BA-AE03-09822498B6B2}"
EndProject
Project("{9A19103F-16F7-4668-BE54-9A1E7A4F7556}") = "Pharamcy.Domain", "..\Pharamcy.Domain\Pharamcy.Domain.csproj", "{CE5B09C3-786A-485B-8437-79CD4CC7A77C}"
EndProject
Project("{9A19103F-16F7-4668-BE54-9A1E7A4F7556}") = "Pharamcy.Application", "..\Pharamcy.Application\Pharamcy.Application.csproj", "{F57F0830-FC12-4A16-AB2D-13409C39487F}"
EndProject
Project("{9A19103F-16F7-4668-BE54-9A1E7A4F7556}") = "Pharamcy.Presistance", "..\Pharamcy.Presistance\Pharamcy.Presistance.csproj", "{ABDD50DA-7957-4D07-9B04-B9C74AB6A093}"
EndProject
Project("{9A19103F-16F7-4668-BE54-9A1E7A4F7556}") = "Pharamcy.Infrastructure", "..\Pharamcy.Infrastructure\Pharamcy.Infrastructure.csproj", "{1A5151D7-7CC3-4B7C-B292-EF16214573DE}"
EndProject
Project("{9A19103F-16F7-4668-BE54-9A1E7A4F7556}") = "Pharamcy.Shared", "..\Pharamcy.Shared\Pharamcy.Shared.csproj", "{574229DA-9D18-46A0-A8F7-3E3020BCD11B}"
EndProject
Project("{9A19103F-16F7-4668-BE54-9A1E7A4F7556}") = "Pharamcy.Presentation", "..\Pharamcy.Presentation\Pharamcy.Presentation.csproj", "{529BAF2A-9801-4969-B518-03EF6F91AB63}"
EndProject
Project("{2150E333-8FDC-42A3-9474-1A3956D46DE8}") = "Src", "Src", "{5A71DD12-A898-42FA-8A27-1A22E60D5E77}"
EndProject
Project("{2150E333-8FDC-42A3-9474-1A3956D46DE8}") = "Test", "Test", "{B976D007-D5BF-49C9-8E7D-A28E25844B42}"
EndProject
Project("{2150E333-8FDC-42A3-9474-1A3956D46DE8}") = "Core", "Core", "{FFA13617-84DC-4E99-AB6B-FA9F6A1491EC}"
EndProject
Project("{2150E333-8FDC-42A3-9474-1A3956D46DE8}") = "Infrastructure", "Infrastructure", "{2D407213-13BB-46DD-BDF5-8BCDFB3DE6CF}"
EndProject
Project("{2150E333-8FDC-42A3-9474-1A3956D46DE8}") = "Presentation", "Presentation", "{E27D2A24-0CAF-47F2-8414-B4B19C88E72F}"
EndProject
Project("{2150E333-8FDC-42A3-9474-1A3956D46DE8}") = "Shared", "Shared", "{D2384D69-FB3F-413A-91E6-1CD29FDDFD81}"
EndProject
Global
	GlobalSection(SolutionConfigurationPlatforms) = preSolution
		Debug|Any CPU = Debug|Any CPU
		Release|Any CPU = Release|Any CPU
	EndGlobalSection
	GlobalSection(ProjectConfigurationPlatforms) = postSolution
		{45B5ABE5-7DB7-45BA-AE03-09822498B6B2}.Debug|Any CPU.ActiveCfg = Debug|Any CPU
		{45B5ABE5-7DB7-45BA-AE03-09822498B6B2}.Debug|Any CPU.Build.0 = Debug|Any CPU
		{45B5ABE5-7DB7-45BA-AE03-09822498B6B2}.Release|Any CPU.ActiveCfg = Release|Any CPU
		{45B5ABE5-7DB7-45BA-AE03-09822498B6B2}.Release|Any CPU.Build.0 = Release|Any CPU
		{CE5B09C3-786A-485B-8437-79CD4CC7A77C}.Debug|Any CPU.ActiveCfg = Debug|Any CPU
		{CE5B09C3-786A-485B-8437-79CD4CC7A77C}.Debug|Any CPU.Build.0 = Debug|Any CPU
		{CE5B09C3-786A-485B-8437-79CD4CC7A77C}.Release|Any CPU.ActiveCfg = Release|Any CPU
		{CE5B09C3-786A-485B-8437-79CD4CC7A77C}.Release|Any CPU.Build.0 = Release|Any CPU
		{F57F0830-FC12-4A16-AB2D-13409C39487F}.Debug|Any CPU.ActiveCfg = Debug|Any CPU
		{F57F0830-FC12-4A16-AB2D-13409C39487F}.Debug|Any CPU.Build.0 = Debug|Any CPU
		{F57F0830-FC12-4A16-AB2D-13409C39487F}.Release|Any CPU.ActiveCfg = Release|Any CPU
		{F57F0830-FC12-4A16-AB2D-13409C39487F}.Release|Any CPU.Build.0 = Release|Any CPU
		{ABDD50DA-7957-4D07-9B04-B9C74AB6A093}.Debug|Any CPU.ActiveCfg = Debug|Any CPU
		{ABDD50DA-7957-4D07-9B04-B9C74AB6A093}.Debug|Any CPU.Build.0 = Debug|Any CPU
		{ABDD50DA-7957-4D07-9B04-B9C74AB6A093}.Release|Any CPU.ActiveCfg = Release|Any CPU
		{ABDD50DA-7957-4D07-9B04-B9C74AB6A093}.Release|Any CPU.Build.0 = Release|Any CPU
		{1A5151D7-7CC3-4B7C-B292-EF16214573DE}.Debug|Any CPU.ActiveCfg = Debug|Any CPU
		{1A5151D7-7CC3-4B7C-B292-EF16214573DE}.Debug|Any CPU.Build.0 = Debug|Any CPU
		{1A5151D7-7CC3-4B7C-B292-EF16214573DE}.Release|Any CPU.ActiveCfg = Release|Any CPU
		{1A5151D7-7CC3-4B7C-B292-EF16214573DE}.Release|Any CPU.Build.0 = Release|Any CPU
		{574229DA-9D18-46A0-A8F7-3E3020BCD11B}.Debug|Any CPU.ActiveCfg = Debug|Any CPU
		{574229DA-9D18-46A0-A8F7-3E3020BCD11B}.Debug|Any CPU.Build.0 = Debug|Any CPU
		{574229DA-9D18-46A0-A8F7-3E3020BCD11B}.Release|Any CPU.ActiveCfg = Release|Any CPU
		{574229DA-9D18-46A0-A8F7-3E3020BCD11B}.Release|Any CPU.Build.0 = Release|Any CPU
		{529BAF2A-9801-4969-B518-03EF6F91AB63}.Debug|Any CPU.ActiveCfg = Debug|Any CPU
		{529BAF2A-9801-4969-B518-03EF6F91AB63}.Debug|Any CPU.Build.0 = Debug|Any CPU
		{529BAF2A-9801-4969-B518-03EF6F91AB63}.Release|Any CPU.ActiveCfg = Release|Any CPU
		{529BAF2A-9801-4969-B518-03EF6F91AB63}.Release|Any CPU.Build.0 = Release|Any CPU
	EndGlobalSection
	GlobalSection(SolutionProperties) = preSolution
		HideSolutionNode = FALSE
	EndGlobalSection
	GlobalSection(NestedProjects) = preSolution
		{45B5ABE5-7DB7-45BA-AE03-09822498B6B2} = {E27D2A24-0CAF-47F2-8414-B4B19C88E72F}
		{CE5B09C3-786A-485B-8437-79CD4CC7A77C} = {FFA13617-84DC-4E99-AB6B-FA9F6A1491EC}
		{F57F0830-FC12-4A16-AB2D-13409C39487F} = {FFA13617-84DC-4E99-AB6B-FA9F6A1491EC}
		{ABDD50DA-7957-4D07-9B04-B9C74AB6A093} = {2D407213-13BB-46DD-BDF5-8BCDFB3DE6CF}
		{1A5151D7-7CC3-4B7C-B292-EF16214573DE} = {2D407213-13BB-46DD-BDF5-8BCDFB3DE6CF}
		{574229DA-9D18-46A0-A8F7-3E3020BCD11B} = {D2384D69-FB3F-413A-91E6-1CD29FDDFD81}
		{529BAF2A-9801-4969-B518-03EF6F91AB63} = {E27D2A24-0CAF-47F2-8414-B4B19C88E72F}
		{FFA13617-84DC-4E99-AB6B-FA9F6A1491EC} = {5A71DD12-A898-42FA-8A27-1A22E60D5E77}
		{2D407213-13BB-46DD-BDF5-8BCDFB3DE6CF} = {5A71DD12-A898-42FA-8A27-1A22E60D5E77}
		{E27D2A24-0CAF-47F2-8414-B4B19C88E72F} = {5A71DD12-A898-42FA-8A27-1A22E60D5E77}
		{D2384D69-FB3F-413A-91E6-1CD29FDDFD81} = {5A71DD12-A898-42FA-8A27-1A22E60D5E77}
	EndGlobalSection
	GlobalSection(ExtensibilityGlobals) = postSolution
		SolutionGuid = {8CF17EB3-6DF2-491E-BE4A-5BC2EC90C618}
	EndGlobalSection
EndGlobal
